
Microsoft Visual Studio Solution File, Format Version 12.00
# Visual Studio 2012
Project("{8BC9CEB8-8B4A-11D0-8D11-00A0C91BC942}") = "WFSched", "WFSched.vcxproj", "{C4B932DF-52E4-447D-9E40-2DC9CD2526B4}"
EndProject
Project("{8BC9CEB8-8B4A-11D0-8D11-00A0C91BC942}") = "AggregateExperRes", "..\AggregateExperRes\AggregateExperRes.vcxproj", "{8D9ADB6D-EA35-4583-8339-BD24A34A174F}"
EndProject
Project("{8BC9CEB8-8B4A-11D0-8D11-00A0C91BC942}") = "GenerateHydro", "GenerateHydro\GenerateHydro.vcxproj", "{F76322B9-D38F-48C8-A9D7-47D65AB69F2D}"
EndProject
Project("{8BC9CEB8-8B4A-11D0-8D11-00A0C91BC942}") = "DAXCreator", "DAXCreator\DAXCreator.vcxproj", "{7AB7055F-AE25-459E-9B8A-F975FC117F3F}"
EndProject
Project("{8BC9CEB8-8B4A-11D0-8D11-00A0C91BC942}") = "CommCreator", "CommCreator\CommCreator.vcxproj", "{C8B0B8EA-0EE5-45E3-8972-FF3DBC5B31A5}"
EndProject
Project("{8BC9CEB8-8B4A-11D0-8D11-00A0C91BC942}") = "ScheduleComparer", "ScheduleComparer\ScheduleComparer.vcxproj", "{9CEE7FAE-4CAC-4168-B67E-15D5F32B28FD}"
EndProject
Global
	GlobalSection(SolutionConfigurationPlatforms) = preSolution
		Debug|Mixed Platforms = Debug|Mixed Platforms
		Debug|Win32 = Debug|Win32
		Debug|x64 = Debug|x64
		Release|Mixed Platforms = Release|Mixed Platforms
		Release|Win32 = Release|Win32
		Release|x64 = Release|x64
	EndGlobalSection
	GlobalSection(ProjectConfigurationPlatforms) = postSolution
		{C4B932DF-52E4-447D-9E40-2DC9CD2526B4}.Debug|Mixed Platforms.ActiveCfg = Debug|Win32
		{C4B932DF-52E4-447D-9E40-2DC9CD2526B4}.Debug|Mixed Platforms.Build.0 = Debug|Win32
		{C4B932DF-52E4-447D-9E40-2DC9CD2526B4}.Debug|Win32.ActiveCfg = Debug|Win32
		{C4B932DF-52E4-447D-9E40-2DC9CD2526B4}.Debug|Win32.Build.0 = Debug|Win32
		{C4B932DF-52E4-447D-9E40-2DC9CD2526B4}.Debug|x64.ActiveCfg = Debug|x64
		{C4B932DF-52E4-447D-9E40-2DC9CD2526B4}.Debug|x64.Build.0 = Debug|x64
		{C4B932DF-52E4-447D-9E40-2DC9CD2526B4}.Release|Mixed Platforms.ActiveCfg = Release|Win32
		{C4B932DF-52E4-447D-9E40-2DC9CD2526B4}.Release|Mixed Platforms.Build.0 = Release|Win32
		{C4B932DF-52E4-447D-9E40-2DC9CD2526B4}.Release|Win32.ActiveCfg = Release|Win32
		{C4B932DF-52E4-447D-9E40-2DC9CD2526B4}.Release|Win32.Build.0 = Release|Win32
		{C4B932DF-52E4-447D-9E40-2DC9CD2526B4}.Release|x64.ActiveCfg = Release|x64
		{C4B932DF-52E4-447D-9E40-2DC9CD2526B4}.Release|x64.Build.0 = Release|x64
		{8D9ADB6D-EA35-4583-8339-BD24A34A174F}.Debug|Mixed Platforms.ActiveCfg = Debug|Win32
		{8D9ADB6D-EA35-4583-8339-BD24A34A174F}.Debug|Mixed Platforms.Build.0 = Debug|Win32
		{8D9ADB6D-EA35-4583-8339-BD24A34A174F}.Debug|Win32.ActiveCfg = Debug|Win32
		{8D9ADB6D-EA35-4583-8339-BD24A34A174F}.Debug|Win32.Build.0 = Debug|Win32
		{8D9ADB6D-EA35-4583-8339-BD24A34A174F}.Debug|x64.ActiveCfg = Debug|x64
		{8D9ADB6D-EA35-4583-8339-BD24A34A174F}.Debug|x64.Build.0 = Debug|x64
		{8D9ADB6D-EA35-4583-8339-BD24A34A174F}.Release|Mixed Platforms.ActiveCfg = Release|Win32
		{8D9ADB6D-EA35-4583-8339-BD24A34A174F}.Release|Mixed Platforms.Build.0 = Release|Win32
		{8D9ADB6D-EA35-4583-8339-BD24A34A174F}.Release|Win32.ActiveCfg = Release|Win32
		{8D9ADB6D-EA35-4583-8339-BD24A34A174F}.Release|Win32.Build.0 = Release|Win32
		{8D9ADB6D-EA35-4583-8339-BD24A34A174F}.Release|x64.ActiveCfg = Release|x64
		{8D9ADB6D-EA35-4583-8339-BD24A34A174F}.Release|x64.Build.0 = Release|x64
		{F76322B9-D38F-48C8-A9D7-47D65AB69F2D}.Debug|Mixed Platforms.ActiveCfg = Debug|Win32
		{F76322B9-D38F-48C8-A9D7-47D65AB69F2D}.Debug|Mixed Platforms.Build.0 = Debug|Win32
		{F76322B9-D38F-48C8-A9D7-47D65AB69F2D}.Debug|Win32.ActiveCfg = Debug|Win32
		{F76322B9-D38F-48C8-A9D7-47D65AB69F2D}.Debug|Win32.Build.0 = Debug|Win32
		{F76322B9-D38F-48C8-A9D7-47D65AB69F2D}.Debug|x64.ActiveCfg = Debug|Win32
		{F76322B9-D38F-48C8-A9D7-47D65AB69F2D}.Release|Mixed Platforms.ActiveCfg = Release|Win32
		{F76322B9-D38F-48C8-A9D7-47D65AB69F2D}.Release|Mixed Platforms.Build.0 = Release|Win32
		{F76322B9-D38F-48C8-A9D7-47D65AB69F2D}.Release|Win32.ActiveCfg = Release|Win32
		{F76322B9-D38F-48C8-A9D7-47D65AB69F2D}.Release|Win32.Build.0 = Release|Win32
		{F76322B9-D38F-48C8-A9D7-47D65AB69F2D}.Release|x64.ActiveCfg = Release|Win32
		{7AB7055F-AE25-459E-9B8A-F975FC117F3F}.Debug|Mixed Platforms.ActiveCfg = Debug|Win32
		{7AB7055F-AE25-459E-9B8A-F975FC117F3F}.Debug|Mixed Platforms.Build.0 = Debug|Win32
		{7AB7055F-AE25-459E-9B8A-F975FC117F3F}.Debug|Win32.ActiveCfg = Debug|Win32
		{7AB7055F-AE25-459E-9B8A-F975FC117F3F}.Debug|Win32.Build.0 = Debug|Win32
		{7AB7055F-AE25-459E-9B8A-F975FC117F3F}.Debug|x64.ActiveCfg = Debug|Win32
		{7AB7055F-AE25-459E-9B8A-F975FC117F3F}.Release|Mixed Platforms.ActiveCfg = Release|Win32
		{7AB7055F-AE25-459E-9B8A-F975FC117F3F}.Release|Mixed Platforms.Build.0 = Release|Win32
		{7AB7055F-AE25-459E-9B8A-F975FC117F3F}.Release|Win32.ActiveCfg = Release|Win32
		{7AB7055F-AE25-459E-9B8A-F975FC117F3F}.Release|Win32.Build.0 = Release|Win32
		{7AB7055F-AE25-459E-9B8A-F975FC117F3F}.Release|x64.ActiveCfg = Release|Win32
		{C8B0B8EA-0EE5-45E3-8972-FF3DBC5B31A5}.Debug|Mixed Platforms.ActiveCfg = Debug|Win32
		{C8B0B8EA-0EE5-45E3-8972-FF3DBC5B31A5}.Debug|Mixed Platforms.Build.0 = Debug|Win32
		{C8B0B8EA-0EE5-45E3-8972-FF3DBC5B31A5}.Debug|Win32.ActiveCfg = Debug|Win32
		{C8B0B8EA-0EE5-45E3-8972-FF3DBC5B31A5}.Debug|Win32.Build.0 = Debug|Win32
		{C8B0B8EA-0EE5-45E3-8972-FF3DBC5B31A5}.Debug|x64.ActiveCfg = Debug|x64
		{C8B0B8EA-0EE5-45E3-8972-FF3DBC5B31A5}.Debug|x64.Build.0 = Debug|x64
		{C8B0B8EA-0EE5-45E3-8972-FF3DBC5B31A5}.Release|Mixed Platforms.ActiveCfg = Release|Win32
		{C8B0B8EA-0EE5-45E3-8972-FF3DBC5B31A5}.Release|Mixed Platforms.Build.0 = Release|Win32
		{C8B0B8EA-0EE5-45E3-8972-FF3DBC5B31A5}.Release|Win32.ActiveCfg = Release|Win32
		{C8B0B8EA-0EE5-45E3-8972-FF3DBC5B31A5}.Release|Win32.Build.0 = Release|Win32
		{C8B0B8EA-0EE5-45E3-8972-FF3DBC5B31A5}.Release|x64.ActiveCfg = Release|x64
		{9CEE7FAE-4CAC-4168-B67E-15D5F32B28FD}.Debug|Mixed Platforms.ActiveCfg = Debug|Win32
		{9CEE7FAE-4CAC-4168-B67E-15D5F32B28FD}.Debug|Mixed Platforms.Build.0 = Debug|Win32
		{9CEE7FAE-4CAC-4168-B67E-15D5F32B28FD}.Debug|Win32.ActiveCfg = Debug|Win32
		{9CEE7FAE-4CAC-4168-B67E-15D5F32B28FD}.Debug|Win32.Build.0 = Debug|Win32
		{9CEE7FAE-4CAC-4168-B67E-15D5F32B28FD}.Debug|x64.ActiveCfg = Debug|Win32
		{9CEE7FAE-4CAC-4168-B67E-15D5F32B28FD}.Release|Mixed Platforms.ActiveCfg = Release|Win32
		{9CEE7FAE-4CAC-4168-B67E-15D5F32B28FD}.Release|Mixed Platforms.Build.0 = Release|Win32
		{9CEE7FAE-4CAC-4168-B67E-15D5F32B28FD}.Release|Win32.ActiveCfg = Release|Win32
		{9CEE7FAE-4CAC-4168-B67E-15D5F32B28FD}.Release|Win32.Build.0 = Release|Win32
		{9CEE7FAE-4CAC-4168-B67E-15D5F32B28FD}.Release|x64.ActiveCfg = Release|Win32
	EndGlobalSection
	GlobalSection(SolutionProperties) = preSolution
		HideSolutionNode = FALSE
	EndGlobalSection
EndGlobal
